
Microsoft Visual Studio Solution File, Format Version 12.00
# Visual Studio Version 17
VisualStudioVersion = 17.7.34202.233
MinimumVisualStudioVersion = 10.0.40219.1
Project("{FAE04EC0-301F-11D3-BF4B-00C04F79EFBC}") = "ConsoleApp13", "ConsoleApp13\ConsoleApp13.csproj", "{D13D0E2E-A89B-4A58-9C77-D1668008C70C}"
EndProject
Global
	GlobalSection(SolutionConfigurationPlatforms) = preSolution
		Debug|Any CPU = Debug|Any CPU
		Release|Any CPU = Release|Any CPU
	EndGlobalSection
	GlobalSection(ProjectConfigurationPlatforms) = postSolution
		{D13D0E2E-A89B-4A58-9C77-D1668008C70C}.Debug|Any CPU.ActiveCfg = Debug|Any CPU
		{D13D0E2E-A89B-4A58-9C77-D1668008C70C}.Debug|Any CPU.Build.0 = Debug|Any CPU
		{D13D0E2E-A89B-4A58-9C77-D1668008C70C}.Release|Any CPU.ActiveCfg = Release|Any CPU
		{D13D0E2E-A89B-4A58-9C77-D1668008C70C}.Release|Any CPU.Build.0 = Release|Any CPU
	EndGlobalSection
	GlobalSection(SolutionProperties) = preSolution
		HideSolutionNode = FALSE
	EndGlobalSection
	GlobalSection(ExtensibilityGlobals) = postSolution
		SolutionGuid = {51CD0320-86DA-4464-974B-EB864DC0E325}
	EndGlobalSection
EndGlobal
